
Microsoft Visual Studio Solution File, Format Version 12.00
# Visual Studio Version 16
VisualStudioVersion = 16.0.30717.126
MinimumVisualStudioVersion = 10.0.40219.1
Project("{8BC9CEB8-8B4A-11D0-8D11-00A0C91BC942}") = "HW5 B", "HW5 B.vcxproj", "{24C0BB40-7623-4952-8079-64BC5DE4D4AA}"
EndProject
Global
	GlobalSection(SolutionConfigurationPlatforms) = preSolution
		Debug|x64 = Debug|x64
		Debug|x86 = Debug|x86
		Release|x64 = Release|x64
		Release|x86 = Release|x86
	EndGlobalSection
	GlobalSection(ProjectConfigurationPlatforms) = postSolution
		{24C0BB40-7623-4952-8079-64BC5DE4D4AA}.Debug|x64.ActiveCfg = Debug|x64
		{24C0BB40-7623-4952-8079-64BC5DE4D4AA}.Debug|x64.Build.0 = Debug|x64
		{24C0BB40-7623-4952-8079-64BC5DE4D4AA}.Debug|x86.ActiveCfg = Debug|Win32
		{24C0BB40-7623-4952-8079-64BC5DE4D4AA}.Debug|x86.Build.0 = Debug|Win32
		{24C0BB40-7623-4952-8079-64BC5DE4D4AA}.Release|x64.ActiveCfg = Release|x64
		{24C0BB40-7623-4952-8079-64BC5DE4D4AA}.Release|x64.Build.0 = Release|x64
		{24C0BB40-7623-4952-8079-64BC5DE4D4AA}.Release|x86.ActiveCfg = Release|Win32
		{24C0BB40-7623-4952-8079-64BC5DE4D4AA}.Release|x86.Build.0 = Release|Win32
	EndGlobalSection
	GlobalSection(SolutionProperties) = preSolution
		HideSolutionNode = FALSE
	EndGlobalSection
	GlobalSection(ExtensibilityGlobals) = postSolution
		SolutionGuid = {95330975-D864-40E7-9C18-5E2F3E963E33}
	EndGlobalSection
EndGlobal
